// !$*UTF8*$!
{
	archiveVersion = 1;
	classes = {
	};
	objectVersion = 50;
	objects = {

/* Begin PBXBuildFile section */
		D65E7059260CA43900C4F85C /* CollectionViewCell.swift in Sources */ = {isa = PBXBuildFile; fileRef = D65E7058260CA43900C4F85C /* CollectionViewCell.swift */; };
		D65E705C260CA4E100C4F85C /* FeaturesController.swift in Sources */ = {isa = PBXBuildFile; fileRef = D65E705B260CA4E100C4F85C /* FeaturesController.swift */; };
		D65E705F260CB13E00C4F85C /* TrigerredWordsControler.swift in Sources */ = {isa = PBXBuildFile; fileRef = D65E705E260CB13E00C4F85C /* TrigerredWordsControler.swift */; };
		D65E7062260CB15200C4F85C /* SoftwareUpdateController.swift in Sources */ = {isa = PBXBuildFile; fileRef = D65E7061260CB15200C4F85C /* SoftwareUpdateController.swift */; };
		D65E7065260CB16100C4F85C /* SettingsController.swift in Sources */ = {isa = PBXBuildFile; fileRef = D65E7064260CB16100C4F85C /* SettingsController.swift */; };
		D65E706E260CC9F400C4F85C /* Feature.swift in Sources */ = {isa = PBXBuildFile; fileRef = D65E706D260CC9F400C4F85C /* Feature.swift */; };
		D65E7075260CED9D00C4F85C /* LoginController.swift in Sources */ = {isa = PBXBuildFile; fileRef = D65E7074260CED9D00C4F85C /* LoginController.swift */; };
		D67768A8260BEEB40028112C /* AppDelegate.swift in Sources */ = {isa = PBXBuildFile; fileRef = D67768A7260BEEB40028112C /* AppDelegate.swift */; };
		D67768AA260BEEB40028112C /* SceneDelegate.swift in Sources */ = {isa = PBXBuildFile; fileRef = D67768A9260BEEB40028112C /* SceneDelegate.swift */; };
		D67768AF260BEEB40028112C /* Main.storyboard in Resources */ = {isa = PBXBuildFile; fileRef = D67768AD260BEEB40028112C /* Main.storyboard */; };
		D67768B2260BEEB40028112C /* VOIS.xcdatamodeld in Sources */ = {isa = PBXBuildFile; fileRef = D67768B0260BEEB40028112C /* VOIS.xcdatamodeld */; };
		D67768B4260BEEB80028112C /* Assets.xcassets in Resources */ = {isa = PBXBuildFile; fileRef = D67768B3260BEEB80028112C /* Assets.xcassets */; };
		D67768B7260BEEB80028112C /* LaunchScreen.storyboard in Resources */ = {isa = PBXBuildFile; fileRef = D67768B5260BEEB80028112C /* LaunchScreen.storyboard */; };
		D692B1BE260D426A0094CBCE /* Login.mp4 in Resources */ = {isa = PBXBuildFile; fileRef = D692B1BC260D40A60094CBCE /* Login.mp4 */; };
		D692B1C2260D448F0094CBCE /* Utilities.swift in Sources */ = {isa = PBXBuildFile; fileRef = D692B1C1260D448F0094CBCE /* Utilities.swift */; };
		D692B1C6260D55F00094CBCE /* UserInfoHeader.swift in Sources */ = {isa = PBXBuildFile; fileRef = D692B1C5260D55F00094CBCE /* UserInfoHeader.swift */; };
		D692B1C9260D560D0094CBCE /* SettingsCell.swift in Sources */ = {isa = PBXBuildFile; fileRef = D692B1C8260D560D0094CBCE /* SettingsCell.swift */; };
/* End PBXBuildFile section */

/* Begin PBXFileReference section */
		D65E7058260CA43900C4F85C /* CollectionViewCell.swift */ = {isa = PBXFileReference; lastKnownFileType = sourcecode.swift; path = CollectionViewCell.swift; sourceTree = "<group>"; };
		D65E705B260CA4E100C4F85C /* FeaturesController.swift */ = {isa = PBXFileReference; lastKnownFileType = sourcecode.swift; path = FeaturesController.swift; sourceTree = "<group>"; };
		D65E705E260CB13E00C4F85C /* TrigerredWordsControler.swift */ = {isa = PBXFileReference; lastKnownFileType = sourcecode.swift; path = TrigerredWordsControler.swift; sourceTree = "<group>"; };
		D65E7061260CB15200C4F85C /* SoftwareUpdateController.swift */ = {isa = PBXFileReference; lastKnownFileType = sourcecode.swift; path = SoftwareUpdateController.swift; sourceTree = "<group>"; };
		D65E7064260CB16100C4F85C /* SettingsController.swift */ = {isa = PBXFileReference; lastKnownFileType = sourcecode.swift; path = SettingsController.swift; sourceTree = "<group>"; };
		D65E706D260CC9F400C4F85C /* Feature.swift */ = {isa = PBXFileReference; lastKnownFileType = sourcecode.swift; path = Feature.swift; sourceTree = "<group>"; };
		D65E7074260CED9D00C4F85C /* LoginController.swift */ = {isa = PBXFileReference; lastKnownFileType = sourcecode.swift; path = LoginController.swift; sourceTree = "<group>"; };
		D67768A4260BEEB40028112C /* VOIS.app */ = {isa = PBXFileReference; explicitFileType = wrapper.application; includeInIndex = 0; path = VOIS.app; sourceTree = BUILT_PRODUCTS_DIR; };
		D67768A7260BEEB40028112C /* AppDelegate.swift */ = {isa = PBXFileReference; lastKnownFileType = sourcecode.swift; path = AppDelegate.swift; sourceTree = "<group>"; };
		D67768A9260BEEB40028112C /* SceneDelegate.swift */ = {isa = PBXFileReference; lastKnownFileType = sourcecode.swift; path = SceneDelegate.swift; sourceTree = "<group>"; };
		D67768AE260BEEB40028112C /* Base */ = {isa = PBXFileReference; lastKnownFileType = file.storyboard; name = Base; path = Base.lproj/Main.storyboard; sourceTree = "<group>"; };
		D67768B1260BEEB40028112C /* VOIS.xcdatamodel */ = {isa = PBXFileReference; lastKnownFileType = wrapper.xcdatamodel; path = VOIS.xcdatamodel; sourceTree = "<group>"; };
		D67768B3260BEEB80028112C /* Assets.xcassets */ = {isa = PBXFileReference; lastKnownFileType = folder.assetcatalog; path = Assets.xcassets; sourceTree = "<group>"; };
		D67768B6260BEEB80028112C /* Base */ = {isa = PBXFileReference; lastKnownFileType = file.storyboard; name = Base; path = Base.lproj/LaunchScreen.storyboard; sourceTree = "<group>"; };
		D67768B8260BEEB80028112C /* Info.plist */ = {isa = PBXFileReference; lastKnownFileType = text.plist.xml; path = Info.plist; sourceTree = "<group>"; };
		D692B1BC260D40A60094CBCE /* Login.mp4 */ = {isa = PBXFileReference; lastKnownFileType = file; path = Login.mp4; sourceTree = "<group>"; };
		D692B1C1260D448F0094CBCE /* Utilities.swift */ = {isa = PBXFileReference; fileEncoding = 4; lastKnownFileType = sourcecode.swift; path = Utilities.swift; sourceTree = "<group>"; };
		D692B1C5260D55F00094CBCE /* UserInfoHeader.swift */ = {isa = PBXFileReference; lastKnownFileType = sourcecode.swift; path = UserInfoHeader.swift; sourceTree = "<group>"; };
		D692B1C8260D560D0094CBCE /* SettingsCell.swift */ = {isa = PBXFileReference; lastKnownFileType = sourcecode.swift; path = SettingsCell.swift; sourceTree = "<group>"; };
/* End PBXFileReference section */

/* Begin PBXFrameworksBuildPhase section */
		D67768A1260BEEB40028112C /* Frameworks */ = {
			isa = PBXFrameworksBuildPhase;
			buildActionMask = 2147483647;
			files = (
			);
			runOnlyForDeploymentPostprocessing = 0;
		};
/* End PBXFrameworksBuildPhase section */

/* Begin PBXGroup section */
		D677689B260BEEB40028112C = {
			isa = PBXGroup;
			children = (
				D67768A6260BEEB40028112C /* VOIS */,
				D67768A5260BEEB40028112C /* Products */,
			);
			sourceTree = "<group>";
		};
		D67768A5260BEEB40028112C /* Products */ = {
			isa = PBXGroup;
			children = (
				D67768A4260BEEB40028112C /* VOIS.app */,
			);
			name = Products;
			sourceTree = "<group>";
		};
		D67768A6260BEEB40028112C /* VOIS */ = {
			isa = PBXGroup;
			children = (
				D67768CF260C109B0028112C /* View */,
				D67768C1260BF5910028112C /* Controller */,
				D67768C0260BF58A0028112C /* Model */,
				D67768A7260BEEB40028112C /* AppDelegate.swift */,
				D67768A9260BEEB40028112C /* SceneDelegate.swift */,
				D67768AD260BEEB40028112C /* Main.storyboard */,
				D67768B3260BEEB80028112C /* Assets.xcassets */,
				D67768B5260BEEB80028112C /* LaunchScreen.storyboard */,
				D67768B8260BEEB80028112C /* Info.plist */,
				D67768B0260BEEB40028112C /* VOIS.xcdatamodeld */,
			);
			path = VOIS;
			sourceTree = "<group>";
		};
		D67768C0260BF58A0028112C /* Model */ = {
			isa = PBXGroup;
			children = (
				D65E706D260CC9F400C4F85C /* Feature.swift */,
			);
			path = Model;
			sourceTree = "<group>";
		};
		D67768C1260BF5910028112C /* Controller */ = {
			isa = PBXGroup;
			children = (
				D65E705B260CA4E100C4F85C /* FeaturesController.swift */,
				D65E705E260CB13E00C4F85C /* TrigerredWordsControler.swift */,
				D65E7061260CB15200C4F85C /* SoftwareUpdateController.swift */,
				D65E7064260CB16100C4F85C /* SettingsController.swift */,
				D65E7074260CED9D00C4F85C /* LoginController.swift */,
			);
			path = Controller;
			sourceTree = "<group>";
		};
		D67768CF260C109B0028112C /* View */ = {
			isa = PBXGroup;
			children = (
				D692B1C0260D44830094CBCE /* Helpers */,
				D692B1BB260D407A0094CBCE /* Movies */,
				D65E7058260CA43900C4F85C /* CollectionViewCell.swift */,
				D692B1C5260D55F00094CBCE /* UserInfoHeader.swift */,
				D692B1C8260D560D0094CBCE /* SettingsCell.swift */,
			);
			path = View;
			sourceTree = "<group>";
		};
		D692B1BB260D407A0094CBCE /* Movies */ = {
			isa = PBXGroup;
			children = (
				D692B1BC260D40A60094CBCE /* Login.mp4 */,
			);
			path = Movies;
			sourceTree = "<group>";
		};
		D692B1C0260D44830094CBCE /* Helpers */ = {
			isa = PBXGroup;
			children = (
				D692B1C1260D448F0094CBCE /* Utilities.swift */,
			);
			path = Helpers;
			sourceTree = "<group>";
		};
/* End PBXGroup section */

/* Begin PBXNativeTarget section */
		D67768A3260BEEB40028112C /* VOIS */ = {
			isa = PBXNativeTarget;
			buildConfigurationList = D67768BB260BEEB80028112C /* Build configuration list for PBXNativeTarget "VOIS" */;
			buildPhases = (
				D67768A0260BEEB40028112C /* Sources */,
				D67768A1260BEEB40028112C /* Frameworks */,
				D67768A2260BEEB40028112C /* Resources */,
			);
			buildRules = (
			);
			dependencies = (
			);
			name = VOIS;
			productName = VOIS;
			productReference = D67768A4260BEEB40028112C /* VOIS.app */;
			productType = "com.apple.product-type.application";
		};
/* End PBXNativeTarget section */

/* Begin PBXProject section */
		D677689C260BEEB40028112C /* Project object */ = {
			isa = PBXProject;
			attributes = {
				LastSwiftUpdateCheck = 1230;
				LastUpgradeCheck = 1230;
				TargetAttributes = {
					D67768A3260BEEB40028112C = {
						CreatedOnToolsVersion = 12.3;
					};
				};
			};
			buildConfigurationList = D677689F260BEEB40028112C /* Build configuration list for PBXProject "VOIS" */;
			compatibilityVersion = "Xcode 9.3";
			developmentRegion = en;
			hasScannedForEncodings = 0;
			knownRegions = (
				en,
				Base,
			);
			mainGroup = D677689B260BEEB40028112C;
			productRefGroup = D67768A5260BEEB40028112C /* Products */;
			projectDirPath = "";
			projectRoot = "";
			targets = (
				D67768A3260BEEB40028112C /* VOIS */,
			);
		};
/* End PBXProject section */

/* Begin PBXResourcesBuildPhase section */
		D67768A2260BEEB40028112C /* Resources */ = {
			isa = PBXResourcesBuildPhase;
			buildActionMask = 2147483647;
			files = (
				D67768B7260BEEB80028112C /* LaunchScreen.storyboard in Resources */,
				D692B1BE260D426A0094CBCE /* Login.mp4 in Resources */,
				D67768B4260BEEB80028112C /* Assets.xcassets in Resources */,
				D67768AF260BEEB40028112C /* Main.storyboard in Resources */,
			);
			runOnlyForDeploymentPostprocessing = 0;
		};
/* End PBXResourcesBuildPhase section */

/* Begin PBXSourcesBuildPhase section */
		D67768A0260BEEB40028112C /* Sources */ = {
			isa = PBXSourcesBuildPhase;
			buildActionMask = 2147483647;
			files = (
				D65E7059260CA43900C4F85C /* CollectionViewCell.swift in Sources */,
				D65E705C260CA4E100C4F85C /* FeaturesController.swift in Sources */,
				D692B1C2260D448F0094CBCE /* Utilities.swift in Sources */,
				D65E706E260CC9F400C4F85C /* Feature.swift in Sources */,
				D692B1C9260D560D0094CBCE /* SettingsCell.swift in Sources */,
				D65E7062260CB15200C4F85C /* SoftwareUpdateController.swift in Sources */,
				D65E705F260CB13E00C4F85C /* TrigerredWordsControler.swift in Sources */,
				D67768A8260BEEB40028112C /* AppDelegate.swift in Sources */,
				D692B1C6260D55F00094CBCE /* UserInfoHeader.swift in Sources */,
				D65E7065260CB16100C4F85C /* SettingsController.swift in Sources */,
				D67768B2260BEEB40028112C /* VOIS.xcdatamodeld in Sources */,
				D67768AA260BEEB40028112C /* SceneDelegate.swift in Sources */,
				D65E7075260CED9D00C4F85C /* LoginController.swift in Sources */,
			);
			runOnlyForDeploymentPostprocessing = 0;
		};
/* End PBXSourcesBuildPhase section */

/* Begin PBXVariantGroup section */
		D67768AD260BEEB40028112C /* Main.storyboard */ = {
			isa = PBXVariantGroup;
			children = (
				D67768AE260BEEB40028112C /* Base */,
			);
			name = Main.storyboard;
			sourceTree = "<group>";
		};
		D67768B5260BEEB80028112C /* LaunchScreen.storyboard */ = {
			isa = PBXVariantGroup;
			children = (
				D67768B6260BEEB80028112C /* Base */,
			);
			name = LaunchScreen.storyboard;
			sourceTree = "<group>";
		};
/* End PBXVariantGroup section */

/* Begin XCBuildConfiguration section */
		D67768B9260BEEB80028112C /* Debug */ = {
			isa = XCBuildConfiguration;
			buildSettings = {
				ALWAYS_SEARCH_USER_PATHS = NO;
				CLANG_ANALYZER_NONNULL = YES;
				CLANG_ANALYZER_NUMBER_OBJECT_CONVERSION = YES_AGGRESSIVE;
				CLANG_CXX_LANGUAGE_STANDARD = "gnu++14";
				CLANG_CXX_LIBRARY = "libc++";
				CLANG_ENABLE_MODULES = YES;
				CLANG_ENABLE_OBJC_ARC = YES;
				CLANG_ENABLE_OBJC_WEAK = YES;
				CLANG_WARN_BLOCK_CAPTURE_AUTORELEASING = YES;
				CLANG_WARN_BOOL_CONVERSION = YES;
				CLANG_WARN_COMMA = YES;
				CLANG_WARN_CONSTANT_CONVERSION = YES;
				CLANG_WARN_DEPRECATED_OBJC_IMPLEMENTATIONS = YES;
				CLANG_WARN_DIRECT_OBJC_ISA_USAGE = YES_ERROR;
				CLANG_WARN_DOCUMENTATION_COMMENTS = YES;
				CLANG_WARN_EMPTY_BODY = YES;
				CLANG_WARN_ENUM_CONVERSION = YES;
				CLANG_WARN_INFINITE_RECURSION = YES;
				CLANG_WARN_INT_CONVERSION = YES;
				CLANG_WARN_NON_LITERAL_NULL_CONVERSION = YES;
				CLANG_WARN_OBJC_IMPLICIT_RETAIN_SELF = YES;
				CLANG_WARN_OBJC_LITERAL_CONVERSION = YES;
				CLANG_WARN_OBJC_ROOT_CLASS = YES_ERROR;
				CLANG_WARN_QUOTED_INCLUDE_IN_FRAMEWORK_HEADER = YES;
				CLANG_WARN_RANGE_LOOP_ANALYSIS = YES;
				CLANG_WARN_STRICT_PROTOTYPES = YES;
				CLANG_WARN_SUSPICIOUS_MOVE = YES;
				CLANG_WARN_UNGUARDED_AVAILABILITY = YES_AGGRESSIVE;
				CLANG_WARN_UNREACHABLE_CODE = YES;
				CLANG_WARN__DUPLICATE_METHOD_MATCH = YES;
				COPY_PHASE_STRIP = NO;
				DEBUG_INFORMATION_FORMAT = dwarf;
				ENABLE_STRICT_OBJC_MSGSEND = YES;
				ENABLE_TESTABILITY = YES;
				GCC_C_LANGUAGE_STANDARD = gnu11;
				GCC_DYNAMIC_NO_PIC = NO;
				GCC_NO_COMMON_BLOCKS = YES;
				GCC_OPTIMIZATION_LEVEL = 0;
				GCC_PREPROCESSOR_DEFINITIONS = (
					"DEBUG=1",
					"$(inherited)",
				);
				GCC_WARN_64_TO_32_BIT_CONVERSION = YES;
				GCC_WARN_ABOUT_RETURN_TYPE = YES_ERROR;
				GCC_WARN_UNDECLARED_SELECTOR = YES;
				GCC_WARN_UNINITIALIZED_AUTOS = YES_AGGRESSIVE;
				GCC_WARN_UNUSED_FUNCTION = YES;
				GCC_WARN_UNUSED_VARIABLE = YES;
				IPHONEOS_DEPLOYMENT_TARGET = 14.3;
				MTL_ENABLE_DEBUG_INFO = INCLUDE_SOURCE;
				MTL_FAST_MATH = YES;
				ONLY_ACTIVE_ARCH = YES;
				SDKROOT = iphoneos;
				SWIFT_ACTIVE_COMPILATION_CONDITIONS = DEBUG;
				SWIFT_OPTIMIZATION_LEVEL = "-Onone";
			};
			name = Debug;
		};
		D67768BA260BEEB80028112C /* Release */ = {
			isa = XCBuildConfiguration;
			buildSettings = {
				ALWAYS_SEARCH_USER_PATHS = NO;
				CLANG_ANALYZER_NONNULL = YES;
				CLANG_ANALYZER_NUMBER_OBJECT_CONVERSION = YES_AGGRESSIVE;
				CLANG_CXX_LANGUAGE_STANDARD = "gnu++14";
				CLANG_CXX_LIBRARY = "libc++";
				CLANG_ENABLE_MODULES = YES;
				CLANG_ENABLE_OBJC_ARC = YES;
				CLANG_ENABLE_OBJC_WEAK = YES;
				CLANG_WARN_BLOCK_CAPTURE_AUTORELEASING = YES;
				CLANG_WARN_BOOL_CONVERSION = YES;
				CLANG_WARN_COMMA = YES;
				CLANG_WARN_CONSTANT_CONVERSION = YES;
				CLANG_WARN_DEPRECATED_OBJC_IMPLEMENTATIONS = YES;
				CLANG_WARN_DIRECT_OBJC_ISA_USAGE = YES_ERROR;
				CLANG_WARN_DOCUMENTATION_COMMENTS = YES;
				CLANG_WARN_EMPTY_BODY = YES;
				CLANG_WARN_ENUM_CONVERSION = YES;
				CLANG_WARN_INFINITE_RECURSION = YES;
				CLANG_WARN_INT_CONVERSION = YES;
				CLANG_WARN_NON_LITERAL_NULL_CONVERSION = YES;
				CLANG_WARN_OBJC_IMPLICIT_RETAIN_SELF = YES;
				CLANG_WARN_OBJC_LITERAL_CONVERSION = YES;
				CLANG_WARN_OBJC_ROOT_CLASS = YES_ERROR;
				CLANG_WARN_QUOTED_INCLUDE_IN_FRAMEWORK_HEADER = YES;
				CLANG_WARN_RANGE_LOOP_ANALYSIS = YES;
				CLANG_WARN_STRICT_PROTOTYPES = YES;
				CLANG_WARN_SUSPICIOUS_MOVE = YES;
				CLANG_WARN_UNGUARDED_AVAILABILITY = YES_AGGRESSIVE;
				CLANG_WARN_UNREACHABLE_CODE = YES;
				CLANG_WARN__DUPLICATE_METHOD_MATCH = YES;
				COPY_PHASE_STRIP = NO;
				DEBUG_INFORMATION_FORMAT = "dwarf-with-dsym";
				ENABLE_NS_ASSERTIONS = NO;
				ENABLE_STRICT_OBJC_MSGSEND = YES;
				GCC_C_LANGUAGE_STANDARD = gnu11;
				GCC_NO_COMMON_BLOCKS = YES;
				GCC_WARN_64_TO_32_BIT_CONVERSION = YES;
				GCC_WARN_ABOUT_RETURN_TYPE = YES_ERROR;
				GCC_WARN_UNDECLARED_SELECTOR = YES;
				GCC_WARN_UNINITIALIZED_AUTOS = YES_AGGRESSIVE;
				GCC_WARN_UNUSED_FUNCTION = YES;
				GCC_WARN_UNUSED_VARIABLE = YES;
				IPHONEOS_DEPLOYMENT_TARGET = 14.3;
				MTL_ENABLE_DEBUG_INFO = NO;
				MTL_FAST_MATH = YES;
				SDKROOT = iphoneos;
				SWIFT_COMPILATION_MODE = wholemodule;
				SWIFT_OPTIMIZATION_LEVEL = "-O";
				VALIDATE_PRODUCT = YES;
			};
			name = Release;
		};
		D67768BC260BEEB80028112C /* Debug */ = {
			isa = XCBuildConfiguration;
			buildSettings = {
				ASSETCATALOG_COMPILER_APPICON_NAME = AppIcon;
				ASSETCATALOG_COMPILER_GLOBAL_ACCENT_COLOR_NAME = AccentColor;
				CODE_SIGN_STYLE = Automatic;
				DEVELOPMENT_TEAM = N6934287Y4;
				INFOPLIST_FILE = VOIS/Info.plist;
				LD_RUNPATH_SEARCH_PATHS = (
					"$(inherited)",
					"@executable_path/Frameworks",
				);
				PRODUCT_BUNDLE_IDENTIFIER = Karargy.VOIS;
				PRODUCT_NAME = "$(TARGET_NAME)";
				SWIFT_VERSION = 5.0;
				TARGETED_DEVICE_FAMILY = "1,2";
			};
			name = Debug;
		};
		D67768BD260BEEB80028112C /* Release */ = {
			isa = XCBuildConfiguration;
			buildSettings = {
				ASSETCATALOG_COMPILER_APPICON_NAME = AppIcon;
				ASSETCATALOG_COMPILER_GLOBAL_ACCENT_COLOR_NAME = AccentColor;
				CODE_SIGN_STYLE = Automatic;
				DEVELOPMENT_TEAM = N6934287Y4;
				INFOPLIST_FILE = VOIS/Info.plist;
				LD_RUNPATH_SEARCH_PATHS = (
					"$(inherited)",
					"@executable_path/Frameworks",
				);
				PRODUCT_BUNDLE_IDENTIFIER = Karargy.VOIS;
				PRODUCT_NAME = "$(TARGET_NAME)";
				SWIFT_VERSION = 5.0;
				TARGETED_DEVICE_FAMILY = "1,2";
			};
			name = Release;
		};
/* End XCBuildConfiguration section */

/* Begin XCConfigurationList section */
		D677689F260BEEB40028112C /* Build configuration list for PBXProject "VOIS" */ = {
			isa = XCConfigurationList;
			buildConfigurations = (
				D67768B9260BEEB80028112C /* Debug */,
				D67768BA260BEEB80028112C /* Release */,
			);
			defaultConfigurationIsVisible = 0;
			defaultConfigurationName = Release;
		};
		D67768BB260BEEB80028112C /* Build configuration list for PBXNativeTarget "VOIS" */ = {
			isa = XCConfigurationList;
			buildConfigurations = (
				D67768BC260BEEB80028112C /* Debug */,
				D67768BD260BEEB80028112C /* Release */,
			);
			defaultConfigurationIsVisible = 0;
			defaultConfigurationName = Release;
		};
/* End XCConfigurationList section */

/* Begin XCVersionGroup section */
		D67768B0260BEEB40028112C /* VOIS.xcdatamodeld */ = {
			isa = XCVersionGroup;
			children = (
				D67768B1260BEEB40028112C /* VOIS.xcdatamodel */,
			);
			currentVersion = D67768B1260BEEB40028112C /* VOIS.xcdatamodel */;
			path = VOIS.xcdatamodeld;
			sourceTree = "<group>";
			versionGroupType = wrapper.xcdatamodel;
		};
/* End XCVersionGroup section */
	};
	rootObject = D677689C260BEEB40028112C /* Project object */;
}
